github.com/alecthomas/chroma/v2 v2.26.1 h1:2X21EdxGZNv5GF9mG5u+uzc02GCFyGxbcBm3Grd9A78=
github.com/alecthomas/chroma/v2 v2.26.1/go.mod h1:lxhRRa9H4hPmRLOOdYga4zkQIQjq3dtrrdwQeCfu78Y=
github.com/dlclark/regexp2/v2 v2.1.1 h1:LCUGyd9Wf+r+VVOl8Ny38JTpWJcAsdVnCIuhhtthmKw=
github.com/dlclark/regexp2/v2 v2.1.1/go.mod h1:avUrQvPaLz2DrFNHJF0taWAFFX2C1GMSSoeiqFjcBmU=
mvdan.cc/sh/v3 v3.13.1 h1:DP3TfgZhDkT7lerUdnp6PTGKyxxzz6T+cOlY/xEvfWk=
mvdan.cc/sh/v3 v3.13.1/go.mod h1:lXJ8SexMvEVcHCoDvAGLZgFJ9Wsm2sulmoNEXGhYZD0=
